
Microsoft Visual Studio Solution File, Format Version 12.00
# Visual Studio Version 17
VisualStudioVersion = 17.4.33213.308
MinimumVisualStudioVersion = 10.0.40219.1
Project("{9A19103F-16F7-4668-BE54-9A1E7A4F7556}") = "MenuMaker.Api", "MenuMaker.Api\MenuMaker.Api.csproj", "{1E3C36E1-7296-445C-B9A5-4724FC6EBF25}"
EndProject
Project("{FAE04EC0-301F-11D3-BF4B-00C04F79EFBC}") = "MenuMaker.Domain", "MenuMaker.Domain\MenuMaker.Domain.csproj", "{5BF317E1-D0C8-4F13-9902-DC87E82F708B}"
EndProject
Project("{FAE04EC0-301F-11D3-BF4B-00C04F79EFBC}") = "MenuMaker.Infrastructure", "MenuMaker.Infrastructure\MenuMaker.Infrastructure.csproj", "{292C6BDD-ED17-4061-A021-000F341C4C15}"
EndProject
Global
	GlobalSection(SolutionConfigurationPlatforms) = preSolution
		Debug|Any CPU = Debug|Any CPU
		Release|Any CPU = Release|Any CPU
	EndGlobalSection
	GlobalSection(ProjectConfigurationPlatforms) = postSolution
		{1E3C36E1-7296-445C-B9A5-4724FC6EBF25}.Debug|Any CPU.ActiveCfg = Debug|Any CPU
		{1E3C36E1-7296-445C-B9A5-4724FC6EBF25}.Debug|Any CPU.Build.0 = Debug|Any CPU
		{1E3C36E1-7296-445C-B9A5-4724FC6EBF25}.Release|Any CPU.ActiveCfg = Release|Any CPU
		{1E3C36E1-7296-445C-B9A5-4724FC6EBF25}.Release|Any CPU.Build.0 = Release|Any CPU
		{5BF317E1-D0C8-4F13-9902-DC87E82F708B}.Debug|Any CPU.ActiveCfg = Debug|Any CPU
		{5BF317E1-D0C8-4F13-9902-DC87E82F708B}.Debug|Any CPU.Build.0 = Debug|Any CPU
		{5BF317E1-D0C8-4F13-9902-DC87E82F708B}.Release|Any CPU.ActiveCfg = Release|Any CPU
		{5BF317E1-D0C8-4F13-9902-DC87E82F708B}.Release|Any CPU.Build.0 = Release|Any CPU
		{292C6BDD-ED17-4061-A021-000F341C4C15}.Debug|Any CPU.ActiveCfg = Debug|Any CPU
		{292C6BDD-ED17-4061-A021-000F341C4C15}.Debug|Any CPU.Build.0 = Debug|Any CPU
		{292C6BDD-ED17-4061-A021-000F341C4C15}.Release|Any CPU.ActiveCfg = Release|Any CPU
		{292C6BDD-ED17-4061-A021-000F341C4C15}.Release|Any CPU.Build.0 = Release|Any CPU
	EndGlobalSection
	GlobalSection(SolutionProperties) = preSolution
		HideSolutionNode = FALSE
	EndGlobalSection
	GlobalSection(ExtensibilityGlobals) = postSolution
		SolutionGuid = {79F64858-715F-4E85-96AF-033D663CDF16}
	EndGlobalSection
EndGlobal
